
Microsoft Visual Studio Solution File, Format Version 12.00
# Visual Studio 15
VisualStudioVersion = 15.0.26403.7
MinimumVisualStudioVersion = 10.0.40219.1
Project("{FAE04EC0-301F-11D3-BF4B-00C04F79EFBC}") = "DataAccess", "DataAccess\DataAccess.csproj", "{DEC5FB68-E0DA-4676-B2C6-6058362DD65A}"
EndProject
Project("{FAE04EC0-301F-11D3-BF4B-00C04F79EFBC}") = "ExcelAddin", "ExcelAddin\ExcelAddin.csproj", "{B7FCEBF7-DA02-48C5-A64A-B3A451E9E266}"
EndProject
Project("{FAE04EC0-301F-11D3-BF4B-00C04F79EFBC}") = "TokenizedTag", "TokenizedTag\TokenizedTag.csproj", "{DB932EEE-A33F-4456-8FFE-CA398C5C81D9}"
EndProject
Project("{FAE04EC0-301F-11D3-BF4B-00C04F79EFBC}") = "WpfTreeViewExamples", "WpfTreeViewExamples\WpfTreeViewExamples.csproj", "{48873CC1-9BEC-46FF-BF4F-2B173226F8AC}"
EndProject
Project("{FAE04EC0-301F-11D3-BF4B-00C04F79EFBC}") = "WpfTreeView", "WpfTreeView\WpfTreeView\WpfTreeView.csproj", "{D0F87E7F-3CA2-469E-8559-40D0056512F6}"
EndProject
Project("{FAE04EC0-301F-11D3-BF4B-00C04F79EFBC}") = "GraphQLClient", "GraphQLClient\GraphQLClient.csproj", "{78EDB8C9-78CD-4EC2-B1EC-8725595F85D3}"
EndProject
Global
	GlobalSection(SolutionConfigurationPlatforms) = preSolution
		Debug|Any CPU = Debug|Any CPU
		Debug|x86 = Debug|x86
		Release|Any CPU = Release|Any CPU
		Release|x86 = Release|x86
	EndGlobalSection
	GlobalSection(ProjectConfigurationPlatforms) = postSolution
		{DEC5FB68-E0DA-4676-B2C6-6058362DD65A}.Debug|Any CPU.ActiveCfg = Debug|Any CPU
		{DEC5FB68-E0DA-4676-B2C6-6058362DD65A}.Debug|Any CPU.Build.0 = Debug|Any CPU
		{DEC5FB68-E0DA-4676-B2C6-6058362DD65A}.Debug|x86.ActiveCfg = Debug|Any CPU
		{DEC5FB68-E0DA-4676-B2C6-6058362DD65A}.Debug|x86.Build.0 = Debug|Any CPU
		{DEC5FB68-E0DA-4676-B2C6-6058362DD65A}.Release|Any CPU.ActiveCfg = Release|Any CPU
		{DEC5FB68-E0DA-4676-B2C6-6058362DD65A}.Release|Any CPU.Build.0 = Release|Any CPU
		{DEC5FB68-E0DA-4676-B2C6-6058362DD65A}.Release|x86.ActiveCfg = Release|Any CPU
		{DEC5FB68-E0DA-4676-B2C6-6058362DD65A}.Release|x86.Build.0 = Release|Any CPU
		{B7FCEBF7-DA02-48C5-A64A-B3A451E9E266}.Debug|Any CPU.ActiveCfg = Debug|Any CPU
		{B7FCEBF7-DA02-48C5-A64A-B3A451E9E266}.Debug|Any CPU.Build.0 = Debug|Any CPU
		{B7FCEBF7-DA02-48C5-A64A-B3A451E9E266}.Debug|x86.ActiveCfg = Debug|Any CPU
		{B7FCEBF7-DA02-48C5-A64A-B3A451E9E266}.Debug|x86.Build.0 = Debug|Any CPU
		{B7FCEBF7-DA02-48C5-A64A-B3A451E9E266}.Release|Any CPU.ActiveCfg = Release|Any CPU
		{B7FCEBF7-DA02-48C5-A64A-B3A451E9E266}.Release|Any CPU.Build.0 = Release|Any CPU
		{B7FCEBF7-DA02-48C5-A64A-B3A451E9E266}.Release|x86.ActiveCfg = Release|Any CPU
		{B7FCEBF7-DA02-48C5-A64A-B3A451E9E266}.Release|x86.Build.0 = Release|Any CPU
		{DB932EEE-A33F-4456-8FFE-CA398C5C81D9}.Debug|Any CPU.ActiveCfg = Debug|Any CPU
		{DB932EEE-A33F-4456-8FFE-CA398C5C81D9}.Debug|Any CPU.Build.0 = Debug|Any CPU
		{DB932EEE-A33F-4456-8FFE-CA398C5C81D9}.Debug|x86.ActiveCfg = Debug|Any CPU
		{DB932EEE-A33F-4456-8FFE-CA398C5C81D9}.Debug|x86.Build.0 = Debug|Any CPU
		{DB932EEE-A33F-4456-8FFE-CA398C5C81D9}.Release|Any CPU.ActiveCfg = Release|Any CPU
		{DB932EEE-A33F-4456-8FFE-CA398C5C81D9}.Release|Any CPU.Build.0 = Release|Any CPU
		{DB932EEE-A33F-4456-8FFE-CA398C5C81D9}.Release|x86.ActiveCfg = Release|Any CPU
		{DB932EEE-A33F-4456-8FFE-CA398C5C81D9}.Release|x86.Build.0 = Release|Any CPU
		{48873CC1-9BEC-46FF-BF4F-2B173226F8AC}.Debug|Any CPU.ActiveCfg = Debug|x86
		{48873CC1-9BEC-46FF-BF4F-2B173226F8AC}.Debug|x86.ActiveCfg = Debug|x86
		{48873CC1-9BEC-46FF-BF4F-2B173226F8AC}.Debug|x86.Build.0 = Debug|x86
		{48873CC1-9BEC-46FF-BF4F-2B173226F8AC}.Release|Any CPU.ActiveCfg = Release|x86
		{48873CC1-9BEC-46FF-BF4F-2B173226F8AC}.Release|x86.ActiveCfg = Release|x86
		{48873CC1-9BEC-46FF-BF4F-2B173226F8AC}.Release|x86.Build.0 = Release|x86
		{D0F87E7F-3CA2-469E-8559-40D0056512F6}.Debug|Any CPU.ActiveCfg = Debug|Any CPU
		{D0F87E7F-3CA2-469E-8559-40D0056512F6}.Debug|Any CPU.Build.0 = Debug|Any CPU
		{D0F87E7F-3CA2-469E-8559-40D0056512F6}.Debug|x86.ActiveCfg = Debug|Any CPU
		{D0F87E7F-3CA2-469E-8559-40D0056512F6}.Debug|x86.Build.0 = Debug|Any CPU
		{D0F87E7F-3CA2-469E-8559-40D0056512F6}.Release|Any CPU.ActiveCfg = Release|Any CPU
		{D0F87E7F-3CA2-469E-8559-40D0056512F6}.Release|Any CPU.Build.0 = Release|Any CPU
		{D0F87E7F-3CA2-469E-8559-40D0056512F6}.Release|x86.ActiveCfg = Release|Any CPU
		{D0F87E7F-3CA2-469E-8559-40D0056512F6}.Release|x86.Build.0 = Release|Any CPU
		{78EDB8C9-78CD-4EC2-B1EC-8725595F85D3}.Debug|Any CPU.ActiveCfg = Debug|Any CPU
		{78EDB8C9-78CD-4EC2-B1EC-8725595F85D3}.Debug|Any CPU.Build.0 = Debug|Any CPU
		{78EDB8C9-78CD-4EC2-B1EC-8725595F85D3}.Debug|x86.ActiveCfg = Debug|Any CPU
		{78EDB8C9-78CD-4EC2-B1EC-8725595F85D3}.Debug|x86.Build.0 = Debug|Any CPU
		{78EDB8C9-78CD-4EC2-B1EC-8725595F85D3}.Release|Any CPU.ActiveCfg = Release|Any CPU
		{78EDB8C9-78CD-4EC2-B1EC-8725595F85D3}.Release|Any CPU.Build.0 = Release|Any CPU
		{78EDB8C9-78CD-4EC2-B1EC-8725595F85D3}.Release|x86.ActiveCfg = Release|Any CPU
		{78EDB8C9-78CD-4EC2-B1EC-8725595F85D3}.Release|x86.Build.0 = Release|Any CPU
	EndGlobalSection
	GlobalSection(SolutionProperties) = preSolution
		HideSolutionNode = FALSE
	EndGlobalSection
EndGlobal
